
Microsoft Visual Studio Solution File, Format Version 12.00
# Visual Studio Version 18
VisualStudioVersion = 18.10.12113.136 insiders
MinimumVisualStudioVersion = 17.8.0.0
Project("{9A19103F-16F7-4668-BE54-9A1E7A4F7556}") = "Kriseportal.AppHost", "Kriseportal.AppHost\Kriseportal.AppHost.csproj", "{12EF90CF-3F93-4D33-A4EE-B485B3B55250}"
EndProject
Project("{9A19103F-16F7-4668-BE54-9A1E7A4F7556}") = "Kriseportal.ServiceDefaults", "Kriseportal.ServiceDefaults\Kriseportal.ServiceDefaults.csproj", "{2CE07473-6ED9-4318-9091-0728F4BB74AA}"
EndProject
Project("{9A19103F-16F7-4668-BE54-9A1E7A4F7556}") = "Kriseportal.ApiService", "Kriseportal.ApiService\Kriseportal.ApiService.csproj", "{44982661-7044-4715-A48D-11FE89A592DD}"
EndProject
Project("{9A19103F-16F7-4668-BE54-9A1E7A4F7556}") = "Kriseportal.Web", "Kriseportal.Web\Kriseportal.Web.csproj", "{F7EF0A93-3843-4B09-ABD5-2CC44628B1E7}"
EndProject
Global
	GlobalSection(SolutionConfigurationPlatforms) = preSolution
		Debug|Any CPU = Debug|Any CPU
		Release|Any CPU = Release|Any CPU
	EndGlobalSection
	GlobalSection(ProjectConfigurationPlatforms) = postSolution
		{12EF90CF-3F93-4D33-A4EE-B485B3B55250}.Debug|Any CPU.ActiveCfg = Debug|Any CPU
		{12EF90CF-3F93-4D33-A4EE-B485B3B55250}.Debug|Any CPU.Build.0 = Debug|Any CPU
		{12EF90CF-3F93-4D33-A4EE-B485B3B55250}.Release|Any CPU.ActiveCfg = Release|Any CPU
		{12EF90CF-3F93-4D33-A4EE-B485B3B55250}.Release|Any CPU.Build.0 = Release|Any CPU
		{2CE07473-6ED9-4318-9091-0728F4BB74AA}.Debug|Any CPU.ActiveCfg = Debug|Any CPU
		{2CE07473-6ED9-4318-9091-0728F4BB74AA}.Debug|Any CPU.Build.0 = Debug|Any CPU
		{2CE07473-6ED9-4318-9091-0728F4BB74AA}.Release|Any CPU.ActiveCfg = Release|Any CPU
		{2CE07473-6ED9-4318-9091-0728F4BB74AA}.Release|Any CPU.Build.0 = Release|Any CPU
		{44982661-7044-4715-A48D-11FE89A592DD}.Debug|Any CPU.ActiveCfg = Debug|Any CPU
		{44982661-7044-4715-A48D-11FE89A592DD}.Debug|Any CPU.Build.0 = Debug|Any CPU
		{44982661-7044-4715-A48D-11FE89A592DD}.Release|Any CPU.ActiveCfg = Release|Any CPU
		{44982661-7044-4715-A48D-11FE89A592DD}.Release|Any CPU.Build.0 = Release|Any CPU
		{F7EF0A93-3843-4B09-ABD5-2CC44628B1E7}.Debug|Any CPU.ActiveCfg = Debug|Any CPU
		{F7EF0A93-3843-4B09-ABD5-2CC44628B1E7}.Debug|Any CPU.Build.0 = Debug|Any CPU
		{F7EF0A93-3843-4B09-ABD5-2CC44628B1E7}.Release|Any CPU.ActiveCfg = Release|Any CPU
		{F7EF0A93-3843-4B09-ABD5-2CC44628B1E7}.Release|Any CPU.Build.0 = Release|Any CPU
	EndGlobalSection
	GlobalSection(SolutionProperties) = preSolution
		HideSolutionNode = FALSE
	EndGlobalSection
	GlobalSection(ExtensibilityGlobals) = postSolution
		SolutionGuid = {980F5A68-0022-4BA7-80F0-A0D2B34A62CB}
	EndGlobalSection
EndGlobal
